{
  "version": 4,
  "terraform_version": "1.9.4",
  "serial": 9,
  "lineage": "2f917863-0194-5e26-f7f9-7776cd6c3485",
  "outputs": {
    "terra-privateIP": {
      "value": "172.31.25.4",
      "type": "string"
    },
    "terra-publicIP": {
      "value": "54.90.67.113",
      "type": "string"
    }
  },
  "resources": [
    {
      "mode": "managed",
      "type": "aws_instance",
      "name": "terra_instance",
      "provider": "provider[\"registry.terraform.io/hashicorp/aws\"]",
      "instances": [
        {
          "schema_version": 1,
          "attributes": {
            "ami": "ami-0ae8f15ae66fe8cda",
            "arn": "arn:aws:ec2:us-east-1:891377328903:instance/i-0253c979483c177c2",
            "associate_public_ip_address": true,
            "availability_zone": "us-east-1a",
            "capacity_reservation_specification": [
              {
                "capacity_reservation_preference": "open",
                "capacity_reservation_target": []
              }
            ],
            "cpu_core_count": 1,
            "cpu_options": [
              {
                "amd_sev_snp": "",
                "core_count": 1,
                "threads_per_core": 1
              }
            ],
            "cpu_threads_per_core": 1,
            "credit_specification": [
              {
                "cpu_credits": "standard"
              }
            ],
            "disable_api_stop": false,
            "disable_api_termination": false,
            "ebs_block_device": [],
            "ebs_optimized": false,
            "enclave_options": [
              {
                "enabled": false
              }
            ],
            "ephemeral_block_device": [],
            "get_password_data": false,
            "hibernation": false,
            "host_id": "",
            "host_resource_group_arn": null,
            "iam_instance_profile": "",
            "id": "i-0253c979483c177c2",
            "instance_initiated_shutdown_behavior": "stop",
            "instance_lifecycle": "",
            "instance_market_options": [],
            "instance_state": "running",
            "instance_type": "t2.micro",
            "ipv6_address_count": 0,
            "ipv6_addresses": [],
            "key_name": "terra_key",
            "launch_template": [],
            "maintenance_options": [
              {
                "auto_recovery": "default"
              }
            ],
            "metadata_options": [
              {
                "http_endpoint": "enabled",
                "http_protocol_ipv6": "disabled",
                "http_put_response_hop_limit": 2,
                "http_tokens": "required",
                "instance_metadata_tags": "disabled"
              }
            ],
            "monitoring": false,
            "network_interface": [],
            "outpost_arn": "",
            "password_data": "",
            "placement_group": "",
            "placement_partition_number": 0,
            "primary_network_interface_id": "eni-0abd832b942c26f3b",
            "private_dns": "ip-172-31-25-4.ec2.internal",
            "private_dns_name_options": [
              {
                "enable_resource_name_dns_a_record": false,
                "enable_resource_name_dns_aaaa_record": false,
                "hostname_type": "ip-name"
              }
            ],
            "private_ip": "172.31.25.4",
            "public_dns": "ec2-54-90-67-113.compute-1.amazonaws.com",
            "public_ip": "54.90.67.113",
            "root_block_device": [
              {
                "delete_on_termination": true,
                "device_name": "/dev/xvda",
                "encrypted": false,
                "iops": 3000,
                "kms_key_id": "",
                "tags": {},
                "tags_all": {},
                "throughput": 125,
                "volume_id": "vol-0bbcfd5bd3173cea8",
                "volume_size": 8,
                "volume_type": "gp3"
              }
            ],
            "secondary_private_ips": [],
            "security_groups": [
              "web01-security-group"
            ],
            "source_dest_check": true,
            "spot_instance_request_id": "",
            "subnet_id": "subnet-0f31c8316407af135",
            "tags": {
              "Name": "Terra-Instance-3",
              "Project": "Terraform"
            },
            "tags_all": {
              "Name": "Terra-Instance-3",
              "Project": "Terraform"
            },
            "tenancy": "default",
            "timeouts": null,
            "user_data": null,
            "user_data_base64": null,
            "user_data_replace_on_change": false,
            "volume_tags": null,
            "vpc_security_group_ids": [
              "sg-0bd9870dd88007feb"
            ]
          },
          "sensitive_attributes": [],
          "private": "eyJlMmJmYjczMC1lY2FhLTExZTYtOGY4OC0zNDM2M2JjN2M0YzAiOnsiY3JlYXRlIjo2MDAwMDAwMDAwMDAsImRlbGV0ZSI6MTIwMDAwMDAwMDAwMCwicmVhZCI6OTAwMDAwMDAwMDAwLCJ1cGRhdGUiOjYwMDAwMDAwMDAwMH0sInNjaGVtYV92ZXJzaW9uIjoiMSJ9",
          "dependencies": [
            "aws_key_pair.terra_key"
          ]
        }
      ]
    },
    {
      "mode": "managed",
      "type": "aws_key_pair",
      "name": "terra_key",
      "provider": "provider[\"registry.terraform.io/hashicorp/aws\"]",
      "instances": [
        {
          "schema_version": 1,
          "attributes": {
            "arn": "arn:aws:ec2:us-east-1:891377328903:key-pair/terra_key",
            "fingerprint": "90:c4:64:7a:14:3d:66:25:66:78:a4:e4:ff:75:b6:61",
            "id": "terra_key",
            "key_name": "terra_key",
            "key_name_prefix": "",
            "key_pair_id": "key-07b61e503b1eedad6",
            "key_type": "rsa",
            "public_key": "ssh-rsa AAAAB3NzaC1yc2EAAAADAQABAAABgQDdECVYCpttHLj6OK3CguHfHSBqudmFyXS8yOzBek1CLDCo/YRJzcGHZedI3tTBjrKiXvoyO9tNyUVEPjIXgFISncVWssS7W46KPYPfJcEWhNd2AP2e/W3D/l/GiDyAeCm+8h1cSo1hxMqa9ZprKouWoDa5z8KPqa7URd5s8KYlEXy08W8rJT2Sis6TTu+2QeSi9yUVr3pNEv0Dodwp7swqwM4DqbI2/wfTqPrKw3VsnchL8stvrGMfaNDpfma20EybJMKVtp8r3W7G5ShdSko4Cq82ceraczeloXdlys4ARZYTpJ1jPlgQNm0A31m9ERVYI0U6Eaqe+S/NETYYD1k0B/wijDDghlkvuPKOI7kUUIpdy/+83s+z5OkIgFtWbasm/pUApx2sB/gxFQgZhuSh4NwebJEJ1FsDwXFdH77fal1uu341NBXG8y5dfOGxL/zL7L5BA9JvheV2fenrOZpYtxFVgkO5K/vJRI0vpvNgSMj06jd69PkuzaWq8TUaSdc= birbi@LAPTOP-BPFSKT27",
            "tags": null,
            "tags_all": {}
          },
          "sensitive_attributes": [],
          "private": "eyJzY2hlbWFfdmVyc2lvbiI6IjEifQ=="
        }
      ]
    }
  ],
  "check_results": null
}
